{
  "name": "@suyeon/code-map",
  "version": "0.1.0",
  "lockfileVersion": 3,
  "requires": true,
  "packages": {
    "": {
      "name": "@suyeon/code-map",
      "version": "0.1.0",
      "license": "MIT",
      "dependencies": {
        "oxc-parser": "^0.136.0"
      },
      "bin": {
        "map": "src/cli/main.ts",
        "map-mcp": "src/mcp/server.ts"
      },
      "devDependencies": {
        "@types/node": "^22.19.21",
        "typescript": "^5.9.3"
      },
      "engines": {
        "node": ">=23.6"
      }
    },
    "node_modules/@emnapi/core": {
      "version": "1.11.1",
      "resolved": "https://registry.npmjs.org/@emnapi/core/-/core-1.11.1.tgz",
      "integrity": "sha512-RSvbQmHzdKzNsLYa/wHrbc3KN4sYLKAdPZxqiM2HATqv/SBk2/ENSHpvXGaLOMcsAyz0poEGqkmmKYG3OWiJEQ==",
      "license": "MIT",
      "optional": true,
      "dependencies": {
        "@emnapi/wasi-threads": "1.2.2",
        "tslib": "^2.4.0"
      }
    },
    "node_modules/@emnapi/runtime": {
      "version": "1.11.1",
      "resolved": "https://registry.npmjs.org/@emnapi/runtime/-/runtime-1.11.1.tgz",
      "integrity": "sha512-vgj7R3y3Wgx24IQaGPA/R6YFXLHVMOZ0uVEyIQPaWs+rd1AzfEMXlAC22FYwO1XkKR6NPsq7mUandH8oIRdZFw==",
      "license": "MIT",
      "optional": true,
      "dependencies": {
        "tslib": "^2.4.0"
      }
    },
    "node_modules/@emnapi/wasi-threads": {
      "version": "1.2.2",
      "resolved": "https://registry.npmjs.org/@emnapi/wasi-threads/-/wasi-threads-1.2.2.tgz",
      "integrity": "sha512-c95qOXkHdydNKhscBTebqEC1CVAZpyqOfVfBzQ1qgzyl3gfeldUjIggDbIZgDKsHLgnsM+igH7TJ/eAasaVuMA==",
      "license": "MIT",
      "optional": true,
      "dependencies": {
        "tslib": "^2.4.0"
      }
    },
    "node_modules/@napi-rs/wasm-runtime": {
      "version": "1.1.5",
      "resolved": "https://registry.npmjs.org/@napi-rs/wasm-runtime/-/wasm-runtime-1.1.5.tgz",
      "integrity": "sha512-AWPoBRJ9tsnVhor4sjO7rkni+7p+2IAEFj6cx06UgP10jkQHqay/36uRV/bFkgrh18D9vb4cr8Q0Pthskgzy+Q==",
      "license": "MIT",
      "optional": true,
      "dependencies": {
        "@tybys/wasm-util": "^0.10.2"
      },
      "funding": {
        "type": "github",
        "url": "https://github.com/sponsors/Brooooooklyn"
      },
      "peerDependencies": {
        "@emnapi/core": "^1.7.1",
        "@emnapi/runtime": "^1.7.1"
      }
    },
    "node_modules/@oxc-parser/binding-android-arm-eabi": {
      "version": "0.136.0",
      "resolved": "https://registry.npmjs.org/@oxc-parser/binding-android-arm-eabi/-/binding-android-arm-eabi-0.136.0.tgz",
      "integrity": "sha512-/ZpzhDW9dc5fNhK5HE0kY1340eD/Iorq6CN1XJxizC7tX9o8riFKjaRqccUAc2u/ieAnS7RG8jqeAUnKDMDwBg==",
      "cpu": [
        "arm"
      ],
      "license": "MIT",
      "optional": true,
      "os": [
        "android"
      ],
      "engines": {
        "node": "^20.19.0 || >=22.12.0"
      }
    },
    "node_modules/@oxc-parser/binding-android-arm64": {
      "version": "0.136.0",
      "resolved": "https://registry.npmjs.org/@oxc-parser/binding-android-arm64/-/binding-android-arm64-0.136.0.tgz",
      "integrity": "sha512-ijS3rH3YDsozxGMbAU0jFS1O5BFd0ntJjLikwvW8PYf7lw10KKPaJsxRRx6AwXN1z/hpOZxZvp2JcLixegdbqA==",
      "cpu": [
        "arm64"
      ],
      "license": "MIT",
      "optional": true,
      "os": [
        "android"
      ],
      "engines": {
        "node": "^20.19.0 || >=22.12.0"
      }
    },
    "node_modules/@oxc-parser/binding-darwin-arm64": {
      "version": "0.136.0",
      "resolved": "https://registry.npmjs.org/@oxc-parser/binding-darwin-arm64/-/binding-darwin-arm64-0.136.0.tgz",
      "integrity": "sha512-G/B5abfNFxl6WHswWL0aXmT/N/K9uHv3Rlazw8ZRkzxZyvOy/qX7z33m7Sjj2S1Djwwx/6v5Lv9YCm+YHBO+tA==",
      "cpu": [
        "arm64"
      ],
      "license": "MIT",
      "optional": true,
      "os": [
        "darwin"
      ],
      "engines": {
        "node": "^20.19.0 || >=22.12.0"
      }
    },
    "node_modules/@oxc-parser/binding-darwin-x64": {
      "version": "0.136.0",
      "resolved": "https://registry.npmjs.org/@oxc-parser/binding-darwin-x64/-/binding-darwin-x64-0.136.0.tgz",
      "integrity": "sha512-J6WqlYE5d+2xB/Jkei2EKf19KIS5wCakFGL5iz2+1SbxzZTvrvsM7QfvhsE2eGtSMKFfKZRvNQ1FF1u2tjzDew==",
      "cpu": [
        "x64"
      ],
      "license": "MIT",
      "optional": true,
      "os": [
        "darwin"
      ],
      "engines": {
        "node": "^20.19.0 || >=22.12.0"
      }
    },
    "node_modules/@oxc-parser/binding-freebsd-x64": {
      "version": "0.136.0",
      "resolved": "https://registry.npmjs.org/@oxc-parser/binding-freebsd-x64/-/binding-freebsd-x64-0.136.0.tgz",
      "integrity": "sha512-fT7TZkWkkK/wkhEQnIzlyAFw2OEqfO7IBtHUI9zoLI17ZT27+YphJl6w3h2+CyboSjARKklVzUw7SRcBNtgQFg==",
      "cpu": [
        "x64"
      ],
      "license": "MIT",
      "optional": true,
      "os": [
        "freebsd"
      ],
      "engines": {
        "node": "^20.19.0 || >=22.12.0"
      }
    },
    "node_modules/@oxc-parser/binding-linux-arm-gnueabihf": {
      "version": "0.136.0",
      "resolved": "https://registry.npmjs.org/@oxc-parser/binding-linux-arm-gnueabihf/-/binding-linux-arm-gnueabihf-0.136.0.tgz",
      "integrity": "sha512-KEPfcr6fOF9W3ymMSeh3cv6XWatTOLOcjzAPSxLT8zx/uvFBUagKHCuapVbRT8v96wvOaorjSeuVR+tdEPkU6g==",
      "cpu": [
        "arm"
      ],
      "license": "MIT",
      "optional": true,
      "os": [
        "linux"
      ],
      "engines": {
        "node": "^20.19.0 || >=22.12.0"
      }
    },
    "node_modules/@oxc-parser/binding-linux-arm-musleabihf": {
      "version": "0.136.0",
      "resolved": "https://registry.npmjs.org/@oxc-parser/binding-linux-arm-musleabihf/-/binding-linux-arm-musleabihf-0.136.0.tgz",
      "integrity": "sha512-ywdKiqEJ38xhYeAZaJ5LKGEsDulyeiJGUxEETEUnzHGcxqZIj70IJl/mFPhQkILZdYT8hs7HzzU9aQtJnau9xw==",
      "cpu": [
        "arm"
      ],
      "license": "MIT",
      "optional": true,
      "os": [
        "linux"
      ],
      "engines": {
        "node": "^20.19.0 || >=22.12.0"
      }
    },
    "node_modules/@oxc-parser/binding-linux-arm64-gnu": {
      "version": "0.136.0",
      "resolved": "https://registry.npmjs.org/@oxc-parser/binding-linux-arm64-gnu/-/binding-linux-arm64-gnu-0.136.0.tgz",
      "integrity": "sha512-N9bBGX7nECdwf68sgJFvw/5EkjL0rU5dC6diON+/hue8TZ7oOWy6FEhsL3h/u6nmRUTbkbH2Z26pAQBMDYNKyg==",
      "cpu": [
        "arm64"
      ],
      "license": "MIT",
      "optional": true,
      "os": [
        "linux"
      ],
      "engines": {
        "node": "^20.19.0 || >=22.12.0"
      }
    },
    "node_modules/@oxc-parser/binding-linux-arm64-musl": {
      "version": "0.136.0",
      "resolved": "https://registry.npmjs.org/@oxc-parser/binding-linux-arm64-musl/-/binding-linux-arm64-musl-0.136.0.tgz",
      "integrity": "sha512-WGWNXomIxf/TPvStv6MOGjqKpLha0KUTpjOEFqILD/M8YuCvABWnuXAIoE5Vgxul6/xzlsKYg+LYdx7m07/jXg==",
      "cpu": [
        "arm64"
      ],
      "license": "MIT",
      "optional": true,
      "os": [
        "linux"
      ],
      "engines": {
        "node": "^20.19.0 || >=22.12.0"
      }
    },
    "node_modules/@oxc-parser/binding-linux-ppc64-gnu": {
      "version": "0.136.0",
      "resolved": "https://registry.npmjs.org/@oxc-parser/binding-linux-ppc64-gnu/-/binding-linux-ppc64-gnu-0.136.0.tgz",
      "integrity": "sha512-X1w/nk3UNphji7kmr93doIrA4EauW8bv4gktYWT5NyRjQ24KqBY3sJsPeekGnGxrH2rHfPkUOHez96XGZwnXBQ==",
      "cpu": [
        "ppc64"
      ],
      "license": "MIT",
      "optional": true,
      "os": [
        "linux"
      ],
      "engines": {
        "node": "^20.19.0 || >=22.12.0"
      }
    },
    "node_modules/@oxc-parser/binding-linux-riscv64-gnu": {
      "version": "0.136.0",
      "resolved": "https://registry.npmjs.org/@oxc-parser/binding-linux-riscv64-gnu/-/binding-linux-riscv64-gnu-0.136.0.tgz",
      "integrity": "sha512-RGEEU6fUJwIbBNqXBlUGlDdi1zNSHAmoYMRwFWa3avEByfREU9jRVqBQvdQxMyR6JMpm6DJ5ozeKx304m1AoqA==",
      "cpu": [
        "riscv64"
      ],
      "license": "MIT",
      "optional": true,
      "os": [
        "linux"
      ],
      "engines": {
        "node": "^20.19.0 || >=22.12.0"
      }
    },
    "node_modules/@oxc-parser/binding-linux-riscv64-musl": {
      "version": "0.136.0",
      "resolved": "https://registry.npmjs.org/@oxc-parser/binding-linux-riscv64-musl/-/binding-linux-riscv64-musl-0.136.0.tgz",
      "integrity": "sha512-WrO3nMKgUngVc9AZmpNpfnVDfNwZEjgJ8nx7G42fqRVmHF3ECuAlmZ4RHgc12SNWarwwwjV3QR8QSQ7ejCiMjA==",
      "cpu": [
        "riscv64"
      ],
      "license": "MIT",
      "optional": true,
      "os": [
        "linux"
      ],
      "engines": {
        "node": "^20.19.0 || >=22.12.0"
      }
    },
    "node_modules/@oxc-parser/binding-linux-s390x-gnu": {
      "version": "0.136.0",
      "resolved": "https://registry.npmjs.org/@oxc-parser/binding-linux-s390x-gnu/-/binding-linux-s390x-gnu-0.136.0.tgz",
      "integrity": "sha512-0IqzbprlPLXcBPXmpQj0nSSw1ZeAj+6x7wdPOHxrsn4Ukd0X7Ag64hdMz8Mll/pLeiISJH4EaHL7lfCevV6o2A==",
      "cpu": [
        "s390x"
      ],
      "license": "MIT",
      "optional": true,
      "os": [
        "linux"
      ],
      "engines": {
        "node": "^20.19.0 || >=22.12.0"
      }
    },
    "node_modules/@oxc-parser/binding-linux-x64-gnu": {
      "version": "0.136.0",
      "resolved": "https://registry.npmjs.org/@oxc-parser/binding-linux-x64-gnu/-/binding-linux-x64-gnu-0.136.0.tgz",
      "integrity": "sha512-SRRFFxVFz2xXegKVFATuw2Hjqg1urM6P92WHJuztf1HNJf+TiVthaXfxfrBzbNzeF8jAIhHofPJmfAUMBN9DWQ==",
      "cpu": [
        "x64"
      ],
      "license": "MIT",
      "optional": true,
      "os": [
        "linux"
      ],
      "engines": {
        "node": "^20.19.0 || >=22.12.0"
      }
    },
    "node_modules/@oxc-parser/binding-linux-x64-musl": {
      "version": "0.136.0",
      "resolved": "https://registry.npmjs.org/@oxc-parser/binding-linux-x64-musl/-/binding-linux-x64-musl-0.136.0.tgz",
      "integrity": "sha512-b1NjVGClFSd1ThRU9mvtM3pUXw42gfJraJmh3wLkvBk7xcWVL3HmibpgcVj4d+AttCtgUtQZRaiJYDqkBlOS2A==",
      "cpu": [
        "x64"
      ],
      "license": "MIT",
      "optional": true,
      "os": [
        "linux"
      ],
      "engines": {
        "node": "^20.19.0 || >=22.12.0"
      }
    },
    "node_modules/@oxc-parser/binding-openharmony-arm64": {
      "version": "0.136.0",
      "resolved": "https://registry.npmjs.org/@oxc-parser/binding-openharmony-arm64/-/binding-openharmony-arm64-0.136.0.tgz",
      "integrity": "sha512-wd66GmRagy3W1633ezZWNkTWyJV26lbVWpTj1x/WVjZ/vz7iEyjKl2Emja1dh/Ro3/OQpuWCaYSuazlcHmeUlg==",
      "cpu": [
        "arm64"
      ],
      "license": "MIT",
      "optional": true,
      "os": [
        "openharmony"
      ],
      "engines": {
        "node": "^20.19.0 || >=22.12.0"
      }
    },
    "node_modules/@oxc-parser/binding-wasm32-wasi": {
      "version": "0.136.0",
      "resolved": "https://registry.npmjs.org/@oxc-parser/binding-wasm32-wasi/-/binding-wasm32-wasi-0.136.0.tgz",
      "integrity": "sha512-WdGagp+TtF2BRywdfg3UWMGdFtpTlFVYv6GCnArZtyllaVEXmI6O/Rk1XEJA3lDCL1kShFh2jtaXu5MDnUUW5Q==",
      "cpu": [
        "wasm32"
      ],
      "license": "MIT",
      "optional": true,
      "dependencies": {
        "@emnapi/core": "1.11.1",
        "@emnapi/runtime": "1.11.1",
        "@napi-rs/wasm-runtime": "^1.1.5"
      },
      "engines": {
        "node": "^20.19.0 || >=22.12.0"
      }
    },
    "node_modules/@oxc-parser/binding-win32-arm64-msvc": {
      "version": "0.136.0",
      "resolved": "https://registry.npmjs.org/@oxc-parser/binding-win32-arm64-msvc/-/binding-win32-arm64-msvc-0.136.0.tgz",
      "integrity": "sha512-L3NaDvdbLtISDHlxwoVbBa1KEYpiWMIyr8vViVZREtnz4ASsgWu1Uha+FDZg4gjxZiy+sjlXth+f9Xuqjk0jig==",
      "cpu": [
        "arm64"
      ],
      "license": "MIT",
      "optional": true,
      "os": [
        "win32"
      ],
      "engines": {
        "node": "^20.19.0 || >=22.12.0"
      }
    },
    "node_modules/@oxc-parser/binding-win32-ia32-msvc": {
      "version": "0.136.0",
      "resolved": "https://registry.npmjs.org/@oxc-parser/binding-win32-ia32-msvc/-/binding-win32-ia32-msvc-0.136.0.tgz",
      "integrity": "sha512-ej++rp+ea9mvBeC1iH6Z7He5efztnwmnl7rq411A7Ya5lJQKAUsPpI8HzHlZZz/9YCSRCiHBlgK+nHkEJFihPw==",
      "cpu": [
        "ia32"
      ],
      "license": "MIT",
      "optional": true,
      "os": [
        "win32"
      ],
      "engines": {
        "node": "^20.19.0 || >=22.12.0"
      }
    },
    "node_modules/@oxc-parser/binding-win32-x64-msvc": {
      "version": "0.136.0",
      "resolved": "https://registry.npmjs.org/@oxc-parser/binding-win32-x64-msvc/-/binding-win32-x64-msvc-0.136.0.tgz",
      "integrity": "sha512-YZucBNVBuoWpGEBJEqFTsQMaIIEaIZUPgxJxQJzFwamg9M8xo3Bw4vDDxDccwv34i9rcaKdoEGdeYye/ljHMDw==",
      "cpu": [
        "x64"
      ],
      "license": "MIT",
      "optional": true,
      "os": [
        "win32"
      ],
      "engines": {
        "node": "^20.19.0 || >=22.12.0"
      }
    },
    "node_modules/@oxc-project/types": {
      "version": "0.136.0",
      "resolved": "https://registry.npmjs.org/@oxc-project/types/-/types-0.136.0.tgz",
      "integrity": "sha512-39Al/B3v9esnHCX7S8l9Se2+s2tb9b2jcMd+bZ2L659VG73kNyGPpPrL5Zi/p0ty7p4pTTU2/Dd+g27hv94XCg==",
      "license": "MIT",
      "funding": {
        "url": "https://github.com/sponsors/Boshen"
      }
    },
    "node_modules/@tybys/wasm-util": {
      "version": "0.10.2",
      "resolved": "https://registry.npmjs.org/@tybys/wasm-util/-/wasm-util-0.10.2.tgz",
      "integrity": "sha512-RoBvJ2X0wuKlWFIjrwffGw1IqZHKQqzIchKaadZZfnNpsAYp2mM0h36JtPCjNDAHGgYez/15uMBpfGwchhiMgg==",
      "license": "MIT",
      "optional": true,
      "dependencies": {
        "tslib": "^2.4.0"
      }
    },
    "node_modules/@types/node": {
      "version": "22.19.21",
      "resolved": "https://registry.npmjs.org/@types/node/-/node-22.19.21.tgz",
      "integrity": "sha512-VMeFBSCKQKmm2swI2kW51SFusDqekC6q9trBCvJ/JliDchFSuoYYKN7yVNjPthP1HKZcx3U1gI/wTcEBjEFKTA==",
      "dev": true,
      "license": "MIT",
      "dependencies": {
        "undici-types": "~6.21.0"
      }
    },
    "node_modules/oxc-parser": {
      "version": "0.136.0",
      "resolved": "https://registry.npmjs.org/oxc-parser/-/oxc-parser-0.136.0.tgz",
      "integrity": "sha512-ElnU+WQBWrosTiF58ALoYYhUUhKomHBDm5jkI2PUiY+hJnOK5Yh1jyLOHOHJpWapeI8tXW3cd4uotp6EgrlBeA==",
      "license": "MIT",
      "dependencies": {
        "@oxc-project/types": "^0.136.0"
      },
      "engines": {
        "node": "^20.19.0 || >=22.12.0"
      },
      "funding": {
        "url": "https://github.com/sponsors/Boshen"
      },
      "optionalDependencies": {
        "@oxc-parser/binding-android-arm-eabi": "0.136.0",
        "@oxc-parser/binding-android-arm64": "0.136.0",
        "@oxc-parser/binding-darwin-arm64": "0.136.0",
        "@oxc-parser/binding-darwin-x64": "0.136.0",
        "@oxc-parser/binding-freebsd-x64": "0.136.0",
        "@oxc-parser/binding-linux-arm-gnueabihf": "0.136.0",
        "@oxc-parser/binding-linux-arm-musleabihf": "0.136.0",
        "@oxc-parser/binding-linux-arm64-gnu": "0.136.0",
        "@oxc-parser/binding-linux-arm64-musl": "0.136.0",
        "@oxc-parser/binding-linux-ppc64-gnu": "0.136.0",
        "@oxc-parser/binding-linux-riscv64-gnu": "0.136.0",
        "@oxc-parser/binding-linux-riscv64-musl": "0.136.0",
        "@oxc-parser/binding-linux-s390x-gnu": "0.136.0",
        "@oxc-parser/binding-linux-x64-gnu": "0.136.0",
        "@oxc-parser/binding-linux-x64-musl": "0.136.0",
        "@oxc-parser/binding-openharmony-arm64": "0.136.0",
        "@oxc-parser/binding-wasm32-wasi": "0.136.0",
        "@oxc-parser/binding-win32-arm64-msvc": "0.136.0",
        "@oxc-parser/binding-win32-ia32-msvc": "0.136.0",
        "@oxc-parser/binding-win32-x64-msvc": "0.136.0"
      }
    },
    "node_modules/tslib": {
      "version": "2.8.1",
      "resolved": "https://registry.npmjs.org/tslib/-/tslib-2.8.1.tgz",
      "integrity": "sha512-oJFu94HQb+KVduSUQL7wnpmqnfmLsOA/nAh6b6EH0wCEoK0/mPeXU6c3wKDV83MkOuHPRHtSXKKU99IBazS/2w==",
      "license": "0BSD",
      "optional": true
    },
    "node_modules/typescript": {
      "version": "5.9.3",
      "resolved": "https://registry.npmjs.org/typescript/-/typescript-5.9.3.tgz",
      "integrity": "sha512-jl1vZzPDinLr9eUt3J/t7V6FgNEw9QjvBPdysz9KfQDD41fQrC2Y4vKQdiaUpFT4bXlb1RHhLpp8wtm6M5TgSw==",
      "dev": true,
      "license": "Apache-2.0",
      "bin": {
        "tsc": "bin/tsc",
        "tsserver": "bin/tsserver"
      },
      "engines": {
        "node": ">=14.17"
      }
    },
    "node_modules/undici-types": {
      "version": "6.21.0",
      "resolved": "https://registry.npmjs.org/undici-types/-/undici-types-6.21.0.tgz",
      "integrity": "sha512-iwDZqg0QAGrg9Rav5H4n0M64c3mkR59cJ6wQp+7C4nI0gsmExaedaYLNO44eT4AtBBwjbTiGPMlt2Md0T9H9JQ==",
      "dev": true,
      "license": "MIT"
    }
  }
}
